// !$*UTF8*$!
{
	archiveVersion = 1;
	classes = {
	};
	objectVersion = 56;
	objects = {

/* Begin PBXBuildFile section */
		5A945DF128EFFC0400586A78 /* AppDelegate.swift in Sources */ = {isa = PBXBuildFile; fileRef = 5A945DF028EFFC0400586A78 /* AppDelegate.swift */; };
		5A945DF328EFFC0400586A78 /* SceneDelegate.swift in Sources */ = {isa = PBXBuildFile; fileRef = 5A945DF228EFFC0400586A78 /* SceneDelegate.swift */; };
		5A945DF828EFFC0400586A78 /* Main.storyboard in Resources */ = {isa = PBXBuildFile; fileRef = 5A945DF628EFFC0400586A78 /* Main.storyboard */; };
		5A945DFA28EFFC0600586A78 /* Assets.xcassets in Resources */ = {isa = PBXBuildFile; fileRef = 5A945DF928EFFC0600586A78 /* Assets.xcassets */; };
		5A945DFD28EFFC0600586A78 /* LaunchScreen.storyboard in Resources */ = {isa = PBXBuildFile; fileRef = 5A945DFB28EFFC0600586A78 /* LaunchScreen.storyboard */; };
		5A945E0828EFFC0600586A78 /* Lab_demoTests.swift in Sources */ = {isa = PBXBuildFile; fileRef = 5A945E0728EFFC0600586A78 /* Lab_demoTests.swift */; };
		5A945E1228EFFC0600586A78 /* Lab_demoUITests.swift in Sources */ = {isa = PBXBuildFile; fileRef = 5A945E1128EFFC0600586A78 /* Lab_demoUITests.swift */; };
		5A945E1428EFFC0600586A78 /* Lab_demoUITestsLaunchTests.swift in Sources */ = {isa = PBXBuildFile; fileRef = 5A945E1328EFFC0600586A78 /* Lab_demoUITestsLaunchTests.swift */; };
		5A945E2128EFFC7200586A78 /* SwitchingViewController.swift in Sources */ = {isa = PBXBuildFile; fileRef = 5A945E2028EFFC7200586A78 /* SwitchingViewController.swift */; };
		5A945E2328EFFD0300586A78 /* BlueViewController.swift in Sources */ = {isa = PBXBuildFile; fileRef = 5A945E2228EFFD0300586A78 /* BlueViewController.swift */; };
		5A945E2528EFFD1200586A78 /* YellowViewController.swift in Sources */ = {isa = PBXBuildFile; fileRef = 5A945E2428EFFD1200586A78 /* YellowViewController.swift */; };
/* End PBXBuildFile section */

/* Begin PBXContainerItemProxy section */
		5A945E0428EFFC0600586A78 /* PBXContainerItemProxy */ = {
			isa = PBXContainerItemProxy;
			containerPortal = 5A945DE528EFFC0400586A78 /* Project object */;
			proxyType = 1;
			remoteGlobalIDString = 5A945DEC28EFFC0400586A78;
			remoteInfo = Lab_demo;
		};
		5A945E0E28EFFC0600586A78 /* PBXContainerItemProxy */ = {
			isa = PBXContainerItemProxy;
			containerPortal = 5A945DE528EFFC0400586A78 /* Project object */;
			proxyType = 1;
			remoteGlobalIDString = 5A945DEC28EFFC0400586A78;
			remoteInfo = Lab_demo;
		};
/* End PBXContainerItemProxy section */

/* Begin PBXFileReference section */
		5A945DED28EFFC0400586A78 /* Lab_demo.app */ = {isa = PBXFileReference; explicitFileType = wrapper.application; includeInIndex = 0; path = Lab_demo.app; sourceTree = BUILT_PRODUCTS_DIR; };
		5A945DF028EFFC0400586A78 /* AppDelegate.swift */ = {isa = PBXFileReference; lastKnownFileType = sourcecode.swift; path = AppDelegate.swift; sourceTree = "<group>"; };
		5A945DF228EFFC0400586A78 /* SceneDelegate.swift */ = {isa = PBXFileReference; lastKnownFileType = sourcecode.swift; path = SceneDelegate.swift; sourceTree = "<group>"; };
		5A945DF728EFFC0400586A78 /* Base */ = {isa = PBXFileReference; lastKnownFileType = file.storyboard; name = Base; path = Base.lproj/Main.storyboard; sourceTree = "<group>"; };
		5A945DF928EFFC0600586A78 /* Assets.xcassets */ = {isa = PBXFileReference; lastKnownFileType = folder.assetcatalog; path = Assets.xcassets; sourceTree = "<group>"; };
		5A945DFC28EFFC0600586A78 /* Base */ = {isa = PBXFileReference; lastKnownFileType = file.storyboard; name = Base; path = Base.lproj/LaunchScreen.storyboard; sourceTree = "<group>"; };
		5A945DFE28EFFC0600586A78 /* Info.plist */ = {isa = PBXFileReference; lastKnownFileType = text.plist.xml; path = Info.plist; sourceTree = "<group>"; };
		5A945E0328EFFC0600586A78 /* Lab_demoTests.xctest */ = {isa = PBXFileReference; explicitFileType = wrapper.cfbundle; includeInIndex = 0; path = Lab_demoTests.xctest; sourceTree = BUILT_PRODUCTS_DIR; };
		5A945E0728EFFC0600586A78 /* Lab_demoTests.swift */ = {isa = PBXFileReference; lastKnownFileType = sourcecode.swift; path = Lab_demoTests.swift; sourceTree = "<group>"; };
		5A945E0D28EFFC0600586A78 /* Lab_demoUITests.xctest */ = {isa = PBXFileReference; explicitFileType = wrapper.cfbundle; includeInIndex = 0; path = Lab_demoUITests.xctest; sourceTree = BUILT_PRODUCTS_DIR; };
		5A945E1128EFFC0600586A78 /* Lab_demoUITests.swift */ = {isa = PBXFileReference; lastKnownFileType = sourcecode.swift; path = Lab_demoUITests.swift; sourceTree = "<group>"; };
		5A945E1328EFFC0600586A78 /* Lab_demoUITestsLaunchTests.swift */ = {isa = PBXFileReference; lastKnownFileType = sourcecode.swift; path = Lab_demoUITestsLaunchTests.swift; sourceTree = "<group>"; };
		5A945E2028EFFC7200586A78 /* SwitchingViewController.swift */ = {isa = PBXFileReference; lastKnownFileType = sourcecode.swift; path = SwitchingViewController.swift; sourceTree = "<group>"; };
		5A945E2228EFFD0300586A78 /* BlueViewController.swift */ = {isa = PBXFileReference; lastKnownFileType = sourcecode.swift; path = BlueViewController.swift; sourceTree = "<group>"; };
		5A945E2428EFFD1200586A78 /* YellowViewController.swift */ = {isa = PBXFileReference; lastKnownFileType = sourcecode.swift; path = YellowViewController.swift; sourceTree = "<group>"; };
/* End PBXFileReference section */

/* Begin PBXFrameworksBuildPhase section */
		5A945DEA28EFFC0400586A78 /* Frameworks */ = {
			isa = PBXFrameworksBuildPhase;
			buildActionMask = 2147483647;
			files = (
			);
			runOnlyForDeploymentPostprocessing = 0;
		};
		5A945E0028EFFC0600586A78 /* Frameworks */ = {
			isa = PBXFrameworksBuildPhase;
			buildActionMask = 2147483647;
			files = (
			);
			runOnlyForDeploymentPostprocessing = 0;
		};
		5A945E0A28EFFC0600586A78 /* Frameworks */ = {
			isa = PBXFrameworksBuildPhase;
			buildActionMask = 2147483647;
			files = (
			);
			runOnlyForDeploymentPostprocessing = 0;
		};
/* End PBXFrameworksBuildPhase section */

/* Begin PBXGroup section */
		5A945DE428EFFC0400586A78 = {
			isa = PBXGroup;
			children = (
				5A945DEF28EFFC0400586A78 /* Lab_demo */,
				5A945E0628EFFC0600586A78 /* Lab_demoTests */,
				5A945E1028EFFC0600586A78 /* Lab_demoUITests */,
				5A945DEE28EFFC0400586A78 /* Products */,
			);
			sourceTree = "<group>";
		};
		5A945DEE28EFFC0400586A78 /* Products */ = {
			isa = PBXGroup;
			children = (
				5A945DED28EFFC0400586A78 /* Lab_demo.app */,
				5A945E0328EFFC0600586A78 /* Lab_demoTests.xctest */,
				5A945E0D28EFFC0600586A78 /* Lab_demoUITests.xctest */,
			);
			name = Products;
			sourceTree = "<group>";
		};
		5A945DEF28EFFC0400586A78 /* Lab_demo */ = {
			isa = PBXGroup;
			children = (
				5A945DF028EFFC0400586A78 /* AppDelegate.swift */,
				5A945DF228EFFC0400586A78 /* SceneDelegate.swift */,
				5A945E2028EFFC7200586A78 /* SwitchingViewController.swift */,
				5A945E2428EFFD1200586A78 /* YellowViewController.swift */,
				5A945E2228EFFD0300586A78 /* BlueViewController.swift */,
				5A945DF628EFFC0400586A78 /* Main.storyboard */,
				5A945DF928EFFC0600586A78 /* Assets.xcassets */,
				5A945DFB28EFFC0600586A78 /* LaunchScreen.storyboard */,
				5A945DFE28EFFC0600586A78 /* Info.plist */,
			);
			path = Lab_demo;
			sourceTree = "<group>";
		};
		5A945E0628EFFC0600586A78 /* Lab_demoTests */ = {
			isa = PBXGroup;
			children = (
				5A945E0728EFFC0600586A78 /* Lab_demoTests.swift */,
			);
			path = Lab_demoTests;
			sourceTree = "<group>";
		};
		5A945E1028EFFC0600586A78 /* Lab_demoUITests */ = {
			isa = PBXGroup;
			children = (
				5A945E1128EFFC0600586A78 /* Lab_demoUITests.swift */,
				5A945E1328EFFC0600586A78 /* Lab_demoUITestsLaunchTests.swift */,
			);
			path = Lab_demoUITests;
			sourceTree = "<group>";
		};
/* End PBXGroup section */

/* Begin PBXNativeTarget section */
		5A945DEC28EFFC0400586A78 /* Lab_demo */ = {
			isa = PBXNativeTarget;
			buildConfigurationList = 5A945E1728EFFC0600586A78 /* Build configuration list for PBXNativeTarget "Lab_demo" */;
			buildPhases = (
				5A945DE928EFFC0400586A78 /* Sources */,
				5A945DEA28EFFC0400586A78 /* Frameworks */,
				5A945DEB28EFFC0400586A78 /* Resources */,
			);
			buildRules = (
			);
			dependencies = (
			);
			name = Lab_demo;
			productName = Lab_demo;
			productReference = 5A945DED28EFFC0400586A78 /* Lab_demo.app */;
			productType = "com.apple.product-type.application";
		};
		5A945E0228EFFC0600586A78 /* Lab_demoTests */ = {
			isa = PBXNativeTarget;
			buildConfigurationList = 5A945E1A28EFFC0600586A78 /* Build configuration list for PBXNativeTarget "Lab_demoTests" */;
			buildPhases = (
				5A945DFF28EFFC0600586A78 /* Sources */,
				5A945E0028EFFC0600586A78 /* Frameworks */,
				5A945E0128EFFC0600586A78 /* Resources */,
			);
			buildRules = (
			);
			dependencies = (
				5A945E0528EFFC0600586A78 /* PBXTargetDependency */,
			);
			name = Lab_demoTests;
			productName = Lab_demoTests;
			productReference = 5A945E0328EFFC0600586A78 /* Lab_demoTests.xctest */;
			productType = "com.apple.product-type.bundle.unit-test";
		};
		5A945E0C28EFFC0600586A78 /* Lab_demoUITests */ = {
			isa = PBXNativeTarget;
			buildConfigurationList = 5A945E1D28EFFC0600586A78 /* Build configuration list for PBXNativeTarget "Lab_demoUITests" */;
			buildPhases = (
				5A945E0928EFFC0600586A78 /* Sources */,
				5A945E0A28EFFC0600586A78 /* Frameworks */,
				5A945E0B28EFFC0600586A78 /* Resources */,
			);
			buildRules = (
			);
			dependencies = (
				5A945E0F28EFFC0600586A78 /* PBXTargetDependency */,
			);
			name = Lab_demoUITests;
			productName = Lab_demoUITests;
			productReference = 5A945E0D28EFFC0600586A78 /* Lab_demoUITests.xctest */;
			productType = "com.apple.product-type.bundle.ui-testing";
		};
/* End PBXNativeTarget section */

/* Begin PBXProject section */
		5A945DE528EFFC0400586A78 /* Project object */ = {
			isa = PBXProject;
			attributes = {
				BuildIndependentTargetsInParallel = 1;
				LastSwiftUpdateCheck = 1400;
				LastUpgradeCheck = 1400;
				TargetAttributes = {
					5A945DEC28EFFC0400586A78 = {
						CreatedOnToolsVersion = 14.0.1;
					};
					5A945E0228EFFC0600586A78 = {
						CreatedOnToolsVersion = 14.0.1;
						TestTargetID = 5A945DEC28EFFC0400586A78;
					};
					5A945E0C28EFFC0600586A78 = {
						CreatedOnToolsVersion = 14.0.1;
						TestTargetID = 5A945DEC28EFFC0400586A78;
					};
				};
			};
			buildConfigurationList = 5A945DE828EFFC0400586A78 /* Build configuration list for PBXProject "Lab_demo" */;
			compatibilityVersion = "Xcode 14.0";
			developmentRegion = en;
			hasScannedForEncodings = 0;
			knownRegions = (
				en,
				Base,
			);
			mainGroup = 5A945DE428EFFC0400586A78;
			productRefGroup = 5A945DEE28EFFC0400586A78 /* Products */;
			projectDirPath = "";
			projectRoot = "";
			targets = (
				5A945DEC28EFFC0400586A78 /* Lab_demo */,
				5A945E0228EFFC0600586A78 /* Lab_demoTests */,
				5A945E0C28EFFC0600586A78 /* Lab_demoUITests */,
			);
		};
/* End PBXProject section */

/* Begin PBXResourcesBuildPhase section */
		5A945DEB28EFFC0400586A78 /* Resources */ = {
			isa = PBXResourcesBuildPhase;
			buildActionMask = 2147483647;
			files = (
				5A945DFD28EFFC0600586A78 /* LaunchScreen.storyboard in Resources */,
				5A945DFA28EFFC0600586A78 /* Assets.xcassets in Resources */,
				5A945DF828EFFC0400586A78 /* Main.storyboard in Resources */,
			);
			runOnlyForDeploymentPostprocessing = 0;
		};
		5A945E0128EFFC0600586A78 /* Resources */ = {
			isa = PBXResourcesBuildPhase;
			buildActionMask = 2147483647;
			files = (
			);
			runOnlyForDeploymentPostprocessing = 0;
		};
		5A945E0B28EFFC0600586A78 /* Resources */ = {
			isa = PBXResourcesBuildPhase;
			buildActionMask = 2147483647;
			files = (
			);
			runOnlyForDeploymentPostprocessing = 0;
		};
/* End PBXResourcesBuildPhase section */

/* Begin PBXSourcesBuildPhase section */
		5A945DE928EFFC0400586A78 /* Sources */ = {
			isa = PBXSourcesBuildPhase;
			buildActionMask = 2147483647;
			files = (
				5A945DF128EFFC0400586A78 /* AppDelegate.swift in Sources */,
				5A945DF328EFFC0400586A78 /* SceneDelegate.swift in Sources */,
				5A945E2328EFFD0300586A78 /* BlueViewController.swift in Sources */,
				5A945E2128EFFC7200586A78 /* SwitchingViewController.swift in Sources */,
				5A945E2528EFFD1200586A78 /* YellowViewController.swift in Sources */,
			);
			runOnlyForDeploymentPostprocessing = 0;
		};
		5A945DFF28EFFC0600586A78 /* Sources */ = {
			isa = PBXSourcesBuildPhase;
			buildActionMask = 2147483647;
			files = (
				5A945E0828EFFC0600586A78 /* Lab_demoTests.swift in Sources */,
			);
			runOnlyForDeploymentPostprocessing = 0;
		};
		5A945E0928EFFC0600586A78 /* Sources */ = {
			isa = PBXSourcesBuildPhase;
			buildActionMask = 2147483647;
			files = (
				5A945E1428EFFC0600586A78 /* Lab_demoUITestsLaunchTests.swift in Sources */,
				5A945E1228EFFC0600586A78 /* Lab_demoUITests.swift in Sources */,
			);
			runOnlyForDeploymentPostprocessing = 0;
		};
/* End PBXSourcesBuildPhase section */

/* Begin PBXTargetDependency section */
		5A945E0528EFFC0600586A78 /* PBXTargetDependency */ = {
			isa = PBXTargetDependency;
			target = 5A945DEC28EFFC0400586A78 /* Lab_demo */;
			targetProxy = 5A945E0428EFFC0600586A78 /* PBXContainerItemProxy */;
		};
		5A945E0F28EFFC0600586A78 /* PBXTargetDependency */ = {
			isa = PBXTargetDependency;
			target = 5A945DEC28EFFC0400586A78 /* Lab_demo */;
			targetProxy = 5A945E0E28EFFC0600586A78 /* PBXContainerItemProxy */;
		};
/* End PBXTargetDependency section */

/* Begin PBXVariantGroup section */
		5A945DF628EFFC0400586A78 /* Main.storyboard */ = {
			isa = PBXVariantGroup;
			children = (
				5A945DF728EFFC0400586A78 /* Base */,
			);
			name = Main.storyboard;
			sourceTree = "<group>";
		};
		5A945DFB28EFFC0600586A78 /* LaunchScreen.storyboard */ = {
			isa = PBXVariantGroup;
			children = (
				5A945DFC28EFFC0600586A78 /* Base */,
			);
			name = LaunchScreen.storyboard;
			sourceTree = "<group>";
		};
/* End PBXVariantGroup section */

/* Begin XCBuildConfiguration section */
		5A945E1528EFFC0600586A78 /* Debug */ = {
			isa = XCBuildConfiguration;
			buildSettings = {
				ALWAYS_SEARCH_USER_PATHS = NO;
				CLANG_ANALYZER_NONNULL = YES;
				CLANG_ANALYZER_NUMBER_OBJECT_CONVERSION = YES_AGGRESSIVE;
				CLANG_CXX_LANGUAGE_STANDARD = "gnu++20";
				CLANG_ENABLE_MODULES = YES;
				CLANG_ENABLE_OBJC_ARC = YES;
				CLANG_ENABLE_OBJC_WEAK = YES;
				CLANG_WARN_BLOCK_CAPTURE_AUTORELEASING = YES;
				CLANG_WARN_BOOL_CONVERSION = YES;
				CLANG_WARN_COMMA = YES;
				CLANG_WARN_CONSTANT_CONVERSION = YES;
				CLANG_WARN_DEPRECATED_OBJC_IMPLEMENTATIONS = YES;
				CLANG_WARN_DIRECT_OBJC_ISA_USAGE = YES_ERROR;
				CLANG_WARN_DOCUMENTATION_COMMENTS = YES;
				CLANG_WARN_EMPTY_BODY = YES;
				CLANG_WARN_ENUM_CONVERSION = YES;
				CLANG_WARN_INFINITE_RECURSION = YES;
				CLANG_WARN_INT_CONVERSION = YES;
				CLANG_WARN_NON_LITERAL_NULL_CONVERSION = YES;
				CLANG_WARN_OBJC_IMPLICIT_RETAIN_SELF = YES;
				CLANG_WARN_OBJC_LITERAL_CONVERSION = YES;
				CLANG_WARN_OBJC_ROOT_CLASS = YES_ERROR;
				CLANG_WARN_QUOTED_INCLUDE_IN_FRAMEWORK_HEADER = YES;
				CLANG_WARN_RANGE_LOOP_ANALYSIS = YES;
				CLANG_WARN_STRICT_PROTOTYPES = YES;
				CLANG_WARN_SUSPICIOUS_MOVE = YES;
				CLANG_WARN_UNGUARDED_AVAILABILITY = YES_AGGRESSIVE;
				CLANG_WARN_UNREACHABLE_CODE = YES;
				CLANG_WARN__DUPLICATE_METHOD_MATCH = YES;
				COPY_PHASE_STRIP = NO;
				DEBUG_INFORMATION_FORMAT = dwarf;
				ENABLE_STRICT_OBJC_MSGSEND = YES;
				ENABLE_TESTABILITY = YES;
				GCC_C_LANGUAGE_STANDARD = gnu11;
				GCC_DYNAMIC_NO_PIC = NO;
				GCC_NO_COMMON_BLOCKS = YES;
				GCC_OPTIMIZATION_LEVEL = 0;
				GCC_PREPROCESSOR_DEFINITIONS = (
					"DEBUG=1",
					"$(inherited)",
				);
				GCC_WARN_64_TO_32_BIT_CONVERSION = YES;
				GCC_WARN_ABOUT_RETURN_TYPE = YES_ERROR;
				GCC_WARN_UNDECLARED_SELECTOR = YES;
				GCC_WARN_UNINITIALIZED_AUTOS = YES_AGGRESSIVE;
				GCC_WARN_UNUSED_FUNCTION = YES;
				GCC_WARN_UNUSED_VARIABLE = YES;
				IPHONEOS_DEPLOYMENT_TARGET = 16.0;
				MTL_ENABLE_DEBUG_INFO = INCLUDE_SOURCE;
				MTL_FAST_MATH = YES;
				ONLY_ACTIVE_ARCH = YES;
				SDKROOT = iphoneos;
				SWIFT_ACTIVE_COMPILATION_CONDITIONS = DEBUG;
				SWIFT_OPTIMIZATION_LEVEL = "-Onone";
			};
			name = Debug;
		};
		5A945E1628EFFC0600586A78 /* Release */ = {
			isa = XCBuildConfiguration;
			buildSettings = {
				ALWAYS_SEARCH_USER_PATHS = NO;
				CLANG_ANALYZER_NONNULL = YES;
				CLANG_ANALYZER_NUMBER_OBJECT_CONVERSION = YES_AGGRESSIVE;
				CLANG_CXX_LANGUAGE_STANDARD = "gnu++20";
				CLANG_ENABLE_MODULES = YES;
				CLANG_ENABLE_OBJC_ARC = YES;
				CLANG_ENABLE_OBJC_WEAK = YES;
				CLANG_WARN_BLOCK_CAPTURE_AUTORELEASING = YES;
				CLANG_WARN_BOOL_CONVERSION = YES;
				CLANG_WARN_COMMA = YES;
				CLANG_WARN_CONSTANT_CONVERSION = YES;
				CLANG_WARN_DEPRECATED_OBJC_IMPLEMENTATIONS = YES;
				CLANG_WARN_DIRECT_OBJC_ISA_USAGE = YES_ERROR;
				CLANG_WARN_DOCUMENTATION_COMMENTS = YES;
				CLANG_WARN_EMPTY_BODY = YES;
				CLANG_WARN_ENUM_CONVERSION = YES;
				CLANG_WARN_INFINITE_RECURSION = YES;
				CLANG_WARN_INT_CONVERSION = YES;
				CLANG_WARN_NON_LITERAL_NULL_CONVERSION = YES;
				CLANG_WARN_OBJC_IMPLICIT_RETAIN_SELF = YES;
				CLANG_WARN_OBJC_LITERAL_CONVERSION = YES;
				CLANG_WARN_OBJC_ROOT_CLASS = YES_ERROR;
				CLANG_WARN_QUOTED_INCLUDE_IN_FRAMEWORK_HEADER = YES;
				CLANG_WARN_RANGE_LOOP_ANALYSIS = YES;
				CLANG_WARN_STRICT_PROTOTYPES = YES;
				CLANG_WARN_SUSPICIOUS_MOVE = YES;
				CLANG_WARN_UNGUARDED_AVAILABILITY = YES_AGGRESSIVE;
				CLANG_WARN_UNREACHABLE_CODE = YES;
				CLANG_WARN__DUPLICATE_METHOD_MATCH = YES;
				COPY_PHASE_STRIP = NO;
				DEBUG_INFORMATION_FORMAT = "dwarf-with-dsym";
				ENABLE_NS_ASSERTIONS = NO;
				ENABLE_STRICT_OBJC_MSGSEND = YES;
				GCC_C_LANGUAGE_STANDARD = gnu11;
				GCC_NO_COMMON_BLOCKS = YES;
				GCC_WARN_64_TO_32_BIT_CONVERSION = YES;
				GCC_WARN_ABOUT_RETURN_TYPE = YES_ERROR;
				GCC_WARN_UNDECLARED_SELECTOR = YES;
				GCC_WARN_UNINITIALIZED_AUTOS = YES_AGGRESSIVE;
				GCC_WARN_UNUSED_FUNCTION = YES;
				GCC_WARN_UNUSED_VARIABLE = YES;
				IPHONEOS_DEPLOYMENT_TARGET = 16.0;
				MTL_ENABLE_DEBUG_INFO = NO;
				MTL_FAST_MATH = YES;
				SDKROOT = iphoneos;
				SWIFT_COMPILATION_MODE = wholemodule;
				SWIFT_OPTIMIZATION_LEVEL = "-O";
				VALIDATE_PRODUCT = YES;
			};
			name = Release;
		};
		5A945E1828EFFC0600586A78 /* Debug */ = {
			isa = XCBuildConfiguration;
			buildSettings = {
				ASSETCATALOG_COMPILER_APPICON_NAME = AppIcon;
				ASSETCATALOG_COMPILER_GLOBAL_ACCENT_COLOR_NAME = AccentColor;
				CODE_SIGN_STYLE = Automatic;
				CURRENT_PROJECT_VERSION = 1;
				GENERATE_INFOPLIST_FILE = YES;
				INFOPLIST_FILE = Lab_demo/Info.plist;
				INFOPLIST_KEY_UIApplicationSupportsIndirectInputEvents = YES;
				INFOPLIST_KEY_UILaunchStoryboardName = LaunchScreen;
				INFOPLIST_KEY_UIMainStoryboardFile = Main;
				INFOPLIST_KEY_UISupportedInterfaceOrientations_iPad = "UIInterfaceOrientationPortrait UIInterfaceOrientationPortraitUpsideDown UIInterfaceOrientationLandscapeLeft UIInterfaceOrientationLandscapeRight";
				INFOPLIST_KEY_UISupportedInterfaceOrientations_iPhone = "UIInterfaceOrientationPortrait UIInterfaceOrientationLandscapeLeft UIInterfaceOrientationLandscapeRight";
				LD_RUNPATH_SEARCH_PATHS = (
					"$(inherited)",
					"@executable_path/Frameworks",
				);
				MARKETING_VERSION = 1.0;
				PRODUCT_BUNDLE_IDENTIFIER = "centennialcollege.Lab-demo";
				PRODUCT_NAME = "$(TARGET_NAME)";
				SWIFT_EMIT_LOC_STRINGS = YES;
				SWIFT_VERSION = 5.0;
				TARGETED_DEVICE_FAMILY = "1,2";
			};
			name = Debug;
		};
		5A945E1928EFFC0600586A78 /* Release */ = {
			isa = XCBuildConfiguration;
			buildSettings = {
				ASSETCATALOG_COMPILER_APPICON_NAME = AppIcon;
				ASSETCATALOG_COMPILER_GLOBAL_ACCENT_COLOR_NAME = AccentColor;
				CODE_SIGN_STYLE = Automatic;
				CURRENT_PROJECT_VERSION = 1;
				GENERATE_INFOPLIST_FILE = YES;
				INFOPLIST_FILE = Lab_demo/Info.plist;
				INFOPLIST_KEY_UIApplicationSupportsIndirectInputEvents = YES;
				INFOPLIST_KEY_UILaunchStoryboardName = LaunchScreen;
				INFOPLIST_KEY_UIMainStoryboardFile = Main;
				INFOPLIST_KEY_UISupportedInterfaceOrientations_iPad = "UIInterfaceOrientationPortrait UIInterfaceOrientationPortraitUpsideDown UIInterfaceOrientationLandscapeLeft UIInterfaceOrientationLandscapeRight";
				INFOPLIST_KEY_UISupportedInterfaceOrientations_iPhone = "UIInterfaceOrientationPortrait UIInterfaceOrientationLandscapeLeft UIInterfaceOrientationLandscapeRight";
				LD_RUNPATH_SEARCH_PATHS = (
					"$(inherited)",
					"@executable_path/Frameworks",
				);
				MARKETING_VERSION = 1.0;
				PRODUCT_BUNDLE_IDENTIFIER = "centennialcollege.Lab-demo";
				PRODUCT_NAME = "$(TARGET_NAME)";
				SWIFT_EMIT_LOC_STRINGS = YES;
				SWIFT_VERSION = 5.0;
				TARGETED_DEVICE_FAMILY = "1,2";
			};
			name = Release;
		};
		5A945E1B28EFFC0600586A78 /* Debug */ = {
			isa = XCBuildConfiguration;
			buildSettings = {
				ALWAYS_EMBED_SWIFT_STANDARD_LIBRARIES = YES;
				BUNDLE_LOADER = "$(TEST_HOST)";
				CODE_SIGN_STYLE = Automatic;
				CURRENT_PROJECT_VERSION = 1;
				GENERATE_INFOPLIST_FILE = YES;
				IPHONEOS_DEPLOYMENT_TARGET = 16.0;
				MARKETING_VERSION = 1.0;
				PRODUCT_BUNDLE_IDENTIFIER = "centennialcollege.Lab-demoTests";
				PRODUCT_NAME = "$(TARGET_NAME)";
				SWIFT_EMIT_LOC_STRINGS = NO;
				SWIFT_VERSION = 5.0;
				TARGETED_DEVICE_FAMILY = "1,2";
				TEST_HOST = "$(BUILT_PRODUCTS_DIR)/Lab_demo.app/$(BUNDLE_EXECUTABLE_FOLDER_PATH)/Lab_demo";
			};
			name = Debug;
		};
		5A945E1C28EFFC0600586A78 /* Release */ = {
			isa = XCBuildConfiguration;
			buildSettings = {
				ALWAYS_EMBED_SWIFT_STANDARD_LIBRARIES = YES;
				BUNDLE_LOADER = "$(TEST_HOST)";
				CODE_SIGN_STYLE = Automatic;
				CURRENT_PROJECT_VERSION = 1;
				GENERATE_INFOPLIST_FILE = YES;
				IPHONEOS_DEPLOYMENT_TARGET = 16.0;
				MARKETING_VERSION = 1.0;
				PRODUCT_BUNDLE_IDENTIFIER = "centennialcollege.Lab-demoTests";
				PRODUCT_NAME = "$(TARGET_NAME)";
				SWIFT_EMIT_LOC_STRINGS = NO;
				SWIFT_VERSION = 5.0;
				TARGETED_DEVICE_FAMILY = "1,2";
				TEST_HOST = "$(BUILT_PRODUCTS_DIR)/Lab_demo.app/$(BUNDLE_EXECUTABLE_FOLDER_PATH)/Lab_demo";
			};
			name = Release;
		};
		5A945E1E28EFFC0600586A78 /* Debug */ = {
			isa = XCBuildConfiguration;
			buildSettings = {
				ALWAYS_EMBED_SWIFT_STANDARD_LIBRARIES = YES;
				CODE_SIGN_STYLE = Automatic;
				CURRENT_PROJECT_VERSION = 1;
				GENERATE_INFOPLIST_FILE = YES;
				MARKETING_VERSION = 1.0;
				PRODUCT_BUNDLE_IDENTIFIER = "centennialcollege.Lab-demoUITests";
				PRODUCT_NAME = "$(TARGET_NAME)";
				SWIFT_EMIT_LOC_STRINGS = NO;
				SWIFT_VERSION = 5.0;
				TARGETED_DEVICE_FAMILY = "1,2";
				TEST_TARGET_NAME = Lab_demo;
			};
			name = Debug;
		};
		5A945E1F28EFFC0600586A78 /* Release */ = {
			isa = XCBuildConfiguration;
			buildSettings = {
				ALWAYS_EMBED_SWIFT_STANDARD_LIBRARIES = YES;
				CODE_SIGN_STYLE = Automatic;
				CURRENT_PROJECT_VERSION = 1;
				GENERATE_INFOPLIST_FILE = YES;
				MARKETING_VERSION = 1.0;
				PRODUCT_BUNDLE_IDENTIFIER = "centennialcollege.Lab-demoUITests";
				PRODUCT_NAME = "$(TARGET_NAME)";
				SWIFT_EMIT_LOC_STRINGS = NO;
				SWIFT_VERSION = 5.0;
				TARGETED_DEVICE_FAMILY = "1,2";
				TEST_TARGET_NAME = Lab_demo;
			};
			name = Release;
		};
/* End XCBuildConfiguration section */

/* Begin XCConfigurationList section */
		5A945DE828EFFC0400586A78 /* Build configuration list for PBXProject "Lab_demo" */ = {
			isa = XCConfigurationList;
			buildConfigurations = (
				5A945E1528EFFC0600586A78 /* Debug */,
				5A945E1628EFFC0600586A78 /* Release */,
			);
			defaultConfigurationIsVisible = 0;
			defaultConfigurationName = Release;
		};
		5A945E1728EFFC0600586A78 /* Build configuration list for PBXNativeTarget "Lab_demo" */ = {
			isa = XCConfigurationList;
			buildConfigurations = (
				5A945E1828EFFC0600586A78 /* Debug */,
				5A945E1928EFFC0600586A78 /* Release */,
			);
			defaultConfigurationIsVisible = 0;
			defaultConfigurationName = Release;
		};
		5A945E1A28EFFC0600586A78 /* Build configuration list for PBXNativeTarget "Lab_demoTests" */ = {
			isa = XCConfigurationList;
			buildConfigurations = (
				5A945E1B28EFFC0600586A78 /* Debug */,
				5A945E1C28EFFC0600586A78 /* Release */,
			);
			defaultConfigurationIsVisible = 0;
			defaultConfigurationName = Release;
		};
		5A945E1D28EFFC0600586A78 /* Build configuration list for PBXNativeTarget "Lab_demoUITests" */ = {
			isa = XCConfigurationList;
			buildConfigurations = (
				5A945E1E28EFFC0600586A78 /* Debug */,
				5A945E1F28EFFC0600586A78 /* Release */,
			);
			defaultConfigurationIsVisible = 0;
			defaultConfigurationName = Release;
		};
/* End XCConfigurationList section */
	};
	rootObject = 5A945DE528EFFC0400586A78 /* Project object */;
}
